
Microsoft Visual Studio Solution File, Format Version 12.00
# Visual Studio Version 17
VisualStudioVersion = 17.8.34330.188
MinimumVisualStudioVersion = 10.0.40219.1
Project("{FAE04EC0-301F-11D3-BF4B-00C04F79EFBC}") = "Exam4", "Exam4\Exam4.csproj", "{EA85E0B2-4607-4424-B5C2-287D06867C18}"
EndProject
Global
	GlobalSection(SolutionConfigurationPlatforms) = preSolution
		Debug|Any CPU = Debug|Any CPU
		Release|Any CPU = Release|Any CPU
	EndGlobalSection
	GlobalSection(ProjectConfigurationPlatforms) = postSolution
		{EA85E0B2-4607-4424-B5C2-287D06867C18}.Debug|Any CPU.ActiveCfg = Debug|Any CPU
		{EA85E0B2-4607-4424-B5C2-287D06867C18}.Debug|Any CPU.Build.0 = Debug|Any CPU
		{EA85E0B2-4607-4424-B5C2-287D06867C18}.Release|Any CPU.ActiveCfg = Release|Any CPU
		{EA85E0B2-4607-4424-B5C2-287D06867C18}.Release|Any CPU.Build.0 = Release|Any CPU
	EndGlobalSection
	GlobalSection(SolutionProperties) = preSolution
		HideSolutionNode = FALSE
	EndGlobalSection
	GlobalSection(ExtensibilityGlobals) = postSolution
		SolutionGuid = {8481911E-FFA1-428F-AD34-4C0BAE9F7DD0}
	EndGlobalSection
EndGlobal
